
Microsoft Visual Studio Solution File, Format Version 12.00
# Visual Studio Version 16
VisualStudioVersion = 16.0.32929.386
MinimumVisualStudioVersion = 10.0.40219.1
Project("{FAE04EC0-301F-11D3-BF4B-00C04F79EFBC}") = "WpfApp1", "WpfApp1\WpfApp1.csproj", "{87670068-3F2B-4B7C-92EE-9289AEE61754}"
EndProject
Global
	GlobalSection(SolutionConfigurationPlatforms) = preSolution
		Debug|Any CPU = Debug|Any CPU
		Release|Any CPU = Release|Any CPU
	EndGlobalSection
	GlobalSection(ProjectConfigurationPlatforms) = postSolution
		{87670068-3F2B-4B7C-92EE-9289AEE61754}.Debug|Any CPU.ActiveCfg = Debug|Any CPU
		{87670068-3F2B-4B7C-92EE-9289AEE61754}.Debug|Any CPU.Build.0 = Debug|Any CPU
		{87670068-3F2B-4B7C-92EE-9289AEE61754}.Release|Any CPU.ActiveCfg = Release|Any CPU
		{87670068-3F2B-4B7C-92EE-9289AEE61754}.Release|Any CPU.Build.0 = Release|Any CPU
	EndGlobalSection
	GlobalSection(SolutionProperties) = preSolution
		HideSolutionNode = FALSE
	EndGlobalSection
	GlobalSection(ExtensibilityGlobals) = postSolution
		SolutionGuid = {E535F8C2-F42A-4683-B62D-3398EA86D2FC}
	EndGlobalSection
EndGlobal
